google.golang.org/grpc/cmd/protoc-gen-go-grpc v1.2.0 h1:TLkBREm4nIsEcexnCjgQd5GQWaHcqMzwQV0TX9pq8S0=
google.golang.org/grpc/cmd/protoc-gen-go-grpc v1.2.0/go.mod h1:DNq5QpG7LJqD2AamLZ7zvKE0DEpVl2BSEVjFycAAjRY=
google.golang.org/protobuf v1.27.1 h1:SnqbnDw1V7RiZcXPx5MEeqPv2s79L9i7BJUlG/+RurQ=
google.golang.org/protobuf v1.27.1/go.mod h1:9q0QmTI4eRPtz6boOQmLYwt+qCgq0jsYwAQnmE0givc=
